// !$*UTF8*$!
{
	archiveVersion = 1;
	classes = {
	};
	objectVersion = 50;
	objects = {

/* Begin PBXBuildFile section */
		7181B8C524B37DE400500479 /* AppDelegate.m in Sources */ = {isa = PBXBuildFile; fileRef = 7181B8C424B37DE400500479 /* AppDelegate.m */; };
		7181B8C824B37DE400500479 /* SceneDelegate.m in Sources */ = {isa = PBXBuildFile; fileRef = 7181B8C724B37DE400500479 /* SceneDelegate.m */; };
		7181B8CB24B37DE400500479 /* ViewController.m in Sources */ = {isa = PBXBuildFile; fileRef = 7181B8CA24B37DE400500479 /* ViewController.m */; };
		7181B8CE24B37DE400500479 /* Main.storyboard in Resources */ = {isa = PBXBuildFile; fileRef = 7181B8CC24B37DE400500479 /* Main.storyboard */; };
		7181B8D024B37DE500500479 /* Assets.xcassets in Resources */ = {isa = PBXBuildFile; fileRef = 7181B8CF24B37DE500500479 /* Assets.xcassets */; };
		7181B8D324B37DE500500479 /* LaunchScreen.storyboard in Resources */ = {isa = PBXBuildFile; fileRef = 7181B8D124B37DE500500479 /* LaunchScreen.storyboard */; };
		7181B8D624B37DE500500479 /* main.m in Sources */ = {isa = PBXBuildFile; fileRef = 7181B8D524B37DE500500479 /* main.m */; };
		7181B8E024B37DE500500479 /* snappergramTests.m in Sources */ = {isa = PBXBuildFile; fileRef = 7181B8DF24B37DE500500479 /* snappergramTests.m */; };
		7181B8EB24B37DE500500479 /* snappergramUITests.m in Sources */ = {isa = PBXBuildFile; fileRef = 7181B8EA24B37DE500500479 /* snappergramUITests.m */; };
/* End PBXBuildFile section */

/* Begin PBXContainerItemProxy section */
		7181B8DC24B37DE500500479 /* PBXContainerItemProxy */ = {
			isa = PBXContainerItemProxy;
			containerPortal = 7181B8B824B37DE400500479 /* Project object */;
			proxyType = 1;
			remoteGlobalIDString = 7181B8BF24B37DE400500479;
			remoteInfo = snappergram;
		};
		7181B8E724B37DE500500479 /* PBXContainerItemProxy */ = {
			isa = PBXContainerItemProxy;
			containerPortal = 7181B8B824B37DE400500479 /* Project object */;
			proxyType = 1;
			remoteGlobalIDString = 7181B8BF24B37DE400500479;
			remoteInfo = snappergram;
		};
/* End PBXContainerItemProxy section */

/* Begin PBXFileReference section */
		7181B8C024B37DE400500479 /* snappergram.app */ = {isa = PBXFileReference; explicitFileType = wrapper.application; includeInIndex = 0; path = snappergram.app; sourceTree = BUILT_PRODUCTS_DIR; };
		7181B8C324B37DE400500479 /* AppDelegate.h */ = {isa = PBXFileReference; lastKnownFileType = sourcecode.c.h; path = AppDelegate.h; sourceTree = "<group>"; };
		7181B8C424B37DE400500479 /* AppDelegate.m */ = {isa = PBXFileReference; lastKnownFileType = sourcecode.c.objc; path = AppDelegate.m; sourceTree = "<group>"; };
		7181B8C624B37DE400500479 /* SceneDelegate.h */ = {isa = PBXFileReference; lastKnownFileType = sourcecode.c.h; path = SceneDelegate.h; sourceTree = "<group>"; };
		7181B8C724B37DE400500479 /* SceneDelegate.m */ = {isa = PBXFileReference; lastKnownFileType = sourcecode.c.objc; path = SceneDelegate.m; sourceTree = "<group>"; };
		7181B8C924B37DE400500479 /* ViewController.h */ = {isa = PBXFileReference; lastKnownFileType = sourcecode.c.h; path = ViewController.h; sourceTree = "<group>"; };
		7181B8CA24B37DE400500479 /* ViewController.m */ = {isa = PBXFileReference; lastKnownFileType = sourcecode.c.objc; path = ViewController.m; sourceTree = "<group>"; };
		7181B8CD24B37DE400500479 /* Base */ = {isa = PBXFileReference; lastKnownFileType = file.storyboard; name = Base; path = Base.lproj/Main.storyboard; sourceTree = "<group>"; };
		7181B8CF24B37DE500500479 /* Assets.xcassets */ = {isa = PBXFileReference; lastKnownFileType = folder.assetcatalog; path = Assets.xcassets; sourceTree = "<group>"; };
		7181B8D224B37DE500500479 /* Base */ = {isa = PBXFileReference; lastKnownFileType = file.storyboard; name = Base; path = Base.lproj/LaunchScreen.storyboard; sourceTree = "<group>"; };
		7181B8D424B37DE500500479 /* Info.plist */ = {isa = PBXFileReference; lastKnownFileType = text.plist.xml; path = Info.plist; sourceTree = "<group>"; };
		7181B8D524B37DE500500479 /* main.m */ = {isa = PBXFileReference; lastKnownFileType = sourcecode.c.objc; path = main.m; sourceTree = "<group>"; };
		7181B8DB24B37DE500500479 /* snappergramTests.xctest */ = {isa = PBXFileReference; explicitFileType = wrapper.cfbundle; includeInIndex = 0; path = snappergramTests.xctest; sourceTree = BUILT_PRODUCTS_DIR; };
		7181B8DF24B37DE500500479 /* snappergramTests.m */ = {isa = PBXFileReference; lastKnownFileType = sourcecode.c.objc; path = snappergramTests.m; sourceTree = "<group>"; };
		7181B8E124B37DE500500479 /* Info.plist */ = {isa = PBXFileReference; lastKnownFileType = text.plist.xml; path = Info.plist; sourceTree = "<group>"; };
		7181B8E624B37DE500500479 /* snappergramUITests.xctest */ = {isa = PBXFileReference; explicitFileType = wrapper.cfbundle; includeInIndex = 0; path = snappergramUITests.xctest; sourceTree = BUILT_PRODUCTS_DIR; };
		7181B8EA24B37DE500500479 /* snappergramUITests.m */ = {isa = PBXFileReference; lastKnownFileType = sourcecode.c.objc; path = snappergramUITests.m; sourceTree = "<group>"; };
		7181B8EC24B37DE500500479 /* Info.plist */ = {isa = PBXFileReference; lastKnownFileType = text.plist.xml; path = Info.plist; sourceTree = "<group>"; };
/* End PBXFileReference section */

/* Begin PBXFrameworksBuildPhase section */
		7181B8BD24B37DE400500479 /* Frameworks */ = {
			isa = PBXFrameworksBuildPhase;
			buildActionMask = 2147483647;
			files = (
			);
			runOnlyForDeploymentPostprocessing = 0;
		};
		7181B8D824B37DE500500479 /* Frameworks */ = {
			isa = PBXFrameworksBuildPhase;
			buildActionMask = 2147483647;
			files = (
			);
			runOnlyForDeploymentPostprocessing = 0;
		};
		7181B8E324B37DE500500479 /* Frameworks */ = {
			isa = PBXFrameworksBuildPhase;
			buildActionMask = 2147483647;
			files = (
			);
			runOnlyForDeploymentPostprocessing = 0;
		};
/* End PBXFrameworksBuildPhase section */

/* Begin PBXGroup section */
		7181B8B724B37DE400500479 = {
			isa = PBXGroup;
			children = (
				7181B8C224B37DE400500479 /* snappergram */,
				7181B8DE24B37DE500500479 /* snappergramTests */,
				7181B8E924B37DE500500479 /* snappergramUITests */,
				7181B8C124B37DE400500479 /* Products */,
			);
			sourceTree = "<group>";
		};
		7181B8C124B37DE400500479 /* Products */ = {
			isa = PBXGroup;
			children = (
				7181B8C024B37DE400500479 /* snappergram.app */,
				7181B8DB24B37DE500500479 /* snappergramTests.xctest */,
				7181B8E624B37DE500500479 /* snappergramUITests.xctest */,
			);
			name = Products;
			sourceTree = "<group>";
		};
		7181B8C224B37DE400500479 /* snappergram */ = {
			isa = PBXGroup;
			children = (
				7181B8C324B37DE400500479 /* AppDelegate.h */,
				7181B8C424B37DE400500479 /* AppDelegate.m */,
				7181B8C624B37DE400500479 /* SceneDelegate.h */,
				7181B8C724B37DE400500479 /* SceneDelegate.m */,
				7181B8C924B37DE400500479 /* ViewController.h */,
				7181B8CA24B37DE400500479 /* ViewController.m */,
				7181B8CC24B37DE400500479 /* Main.storyboard */,
				7181B8CF24B37DE500500479 /* Assets.xcassets */,
				7181B8D124B37DE500500479 /* LaunchScreen.storyboard */,
				7181B8D424B37DE500500479 /* Info.plist */,
				7181B8D524B37DE500500479 /* main.m */,
			);
			path = snappergram;
			sourceTree = "<group>";
		};
		7181B8DE24B37DE500500479 /* snappergramTests */ = {
			isa = PBXGroup;
			children = (
				7181B8DF24B37DE500500479 /* snappergramTests.m */,
				7181B8E124B37DE500500479 /* Info.plist */,
			);
			path = snappergramTests;
			sourceTree = "<group>";
		};
		7181B8E924B37DE500500479 /* snappergramUITests */ = {
			isa = PBXGroup;
			children = (
				7181B8EA24B37DE500500479 /* snappergramUITests.m */,
				7181B8EC24B37DE500500479 /* Info.plist */,
			);
			path = snappergramUITests;
			sourceTree = "<group>";
		};
/* End PBXGroup section */

/* Begin PBXNativeTarget section */
		7181B8BF24B37DE400500479 /* snappergram */ = {
			isa = PBXNativeTarget;
			buildConfigurationList = 7181B8EF24B37DE500500479 /* Build configuration list for PBXNativeTarget "snappergram" */;
			buildPhases = (
				7181B8BC24B37DE400500479 /* Sources */,
				7181B8BD24B37DE400500479 /* Frameworks */,
				7181B8BE24B37DE400500479 /* Resources */,
			);
			buildRules = (
			);
			dependencies = (
			);
			name = snappergram;
			productName = snappergram;
			productReference = 7181B8C024B37DE400500479 /* snappergram.app */;
			productType = "com.apple.product-type.application";
		};
		7181B8DA24B37DE500500479 /* snappergramTests */ = {
			isa = PBXNativeTarget;
			buildConfigurationList = 7181B8F224B37DE500500479 /* Build configuration list for PBXNativeTarget "snappergramTests" */;
			buildPhases = (
				7181B8D724B37DE500500479 /* Sources */,
				7181B8D824B37DE500500479 /* Frameworks */,
				7181B8D924B37DE500500479 /* Resources */,
			);
			buildRules = (
			);
			dependencies = (
				7181B8DD24B37DE500500479 /* PBXTargetDependency */,
			);
			name = snappergramTests;
			productName = snappergramTests;
			productReference = 7181B8DB24B37DE500500479 /* snappergramTests.xctest */;
			productType = "com.apple.product-type.bundle.unit-test";
		};
		7181B8E524B37DE500500479 /* snappergramUITests */ = {
			isa = PBXNativeTarget;
			buildConfigurationList = 7181B8F524B37DE500500479 /* Build configuration list for PBXNativeTarget "snappergramUITests" */;
			buildPhases = (
				7181B8E224B37DE500500479 /* Sources */,
				7181B8E324B37DE500500479 /* Frameworks */,
				7181B8E424B37DE500500479 /* Resources */,
			);
			buildRules = (
			);
			dependencies = (
				7181B8E824B37DE500500479 /* PBXTargetDependency */,
			);
			name = snappergramUITests;
			productName = snappergramUITests;
			productReference = 7181B8E624B37DE500500479 /* snappergramUITests.xctest */;
			productType = "com.apple.product-type.bundle.ui-testing";
		};
/* End PBXNativeTarget section */

/* Begin PBXProject section */
		7181B8B824B37DE400500479 /* Project object */ = {
			isa = PBXProject;
			attributes = {
				LastUpgradeCheck = 1150;
				ORGANIZATIONNAME = meganyu;
				TargetAttributes = {
					7181B8BF24B37DE400500479 = {
						CreatedOnToolsVersion = 11.5;
					};
					7181B8DA24B37DE500500479 = {
						CreatedOnToolsVersion = 11.5;
						TestTargetID = 7181B8BF24B37DE400500479;
					};
					7181B8E524B37DE500500479 = {
						CreatedOnToolsVersion = 11.5;
						TestTargetID = 7181B8BF24B37DE400500479;
					};
				};
			};
			buildConfigurationList = 7181B8BB24B37DE400500479 /* Build configuration list for PBXProject "snappergram" */;
			compatibilityVersion = "Xcode 9.3";
			developmentRegion = en;
			hasScannedForEncodings = 0;
			knownRegions = (
				en,
				Base,
			);
			mainGroup = 7181B8B724B37DE400500479;
			productRefGroup = 7181B8C124B37DE400500479 /* Products */;
			projectDirPath = "";
			projectRoot = "";
			targets = (
				7181B8BF24B37DE400500479 /* snappergram */,
				7181B8DA24B37DE500500479 /* snappergramTests */,
				7181B8E524B37DE500500479 /* snappergramUITests */,
			);
		};
/* End PBXProject section */

/* Begin PBXResourcesBuildPhase section */
		7181B8BE24B37DE400500479 /* Resources */ = {
			isa = PBXResourcesBuildPhase;
			buildActionMask = 2147483647;
			files = (
				7181B8D324B37DE500500479 /* LaunchScreen.storyboard in Resources */,
				7181B8D024B37DE500500479 /* Assets.xcassets in Resources */,
				7181B8CE24B37DE400500479 /* Main.storyboard in Resources */,
			);
			runOnlyForDeploymentPostprocessing = 0;
		};
		7181B8D924B37DE500500479 /* Resources */ = {
			isa = PBXResourcesBuildPhase;
			buildActionMask = 2147483647;
			files = (
			);
			runOnlyForDeploymentPostprocessing = 0;
		};
		7181B8E424B37DE500500479 /* Resources */ = {
			isa = PBXResourcesBuildPhase;
			buildActionMask = 2147483647;
			files = (
			);
			runOnlyForDeploymentPostprocessing = 0;
		};
/* End PBXResourcesBuildPhase section */

/* Begin PBXSourcesBuildPhase section */
		7181B8BC24B37DE400500479 /* Sources */ = {
			isa = PBXSourcesBuildPhase;
			buildActionMask = 2147483647;
			files = (
				7181B8CB24B37DE400500479 /* ViewController.m in Sources */,
				7181B8C524B37DE400500479 /* AppDelegate.m in Sources */,
				7181B8D624B37DE500500479 /* main.m in Sources */,
				7181B8C824B37DE400500479 /* SceneDelegate.m in Sources */,
			);
			runOnlyForDeploymentPostprocessing = 0;
		};
		7181B8D724B37DE500500479 /* Sources */ = {
			isa = PBXSourcesBuildPhase;
			buildActionMask = 2147483647;
			files = (
				7181B8E024B37DE500500479 /* snappergramTests.m in Sources */,
			);
			runOnlyForDeploymentPostprocessing = 0;
		};
		7181B8E224B37DE500500479 /* Sources */ = {
			isa = PBXSourcesBuildPhase;
			buildActionMask = 2147483647;
			files = (
				7181B8EB24B37DE500500479 /* snappergramUITests.m in Sources */,
			);
			runOnlyForDeploymentPostprocessing = 0;
		};
/* End PBXSourcesBuildPhase section */

/* Begin PBXTargetDependency section */
		7181B8DD24B37DE500500479 /* PBXTargetDependency */ = {
			isa = PBXTargetDependency;
			target = 7181B8BF24B37DE400500479 /* snappergram */;
			targetProxy = 7181B8DC24B37DE500500479 /* PBXContainerItemProxy */;
		};
		7181B8E824B37DE500500479 /* PBXTargetDependency */ = {
			isa = PBXTargetDependency;
			target = 7181B8BF24B37DE400500479 /* snappergram */;
			targetProxy = 7181B8E724B37DE500500479 /* PBXContainerItemProxy */;
		};
/* End PBXTargetDependency section */

/* Begin PBXVariantGroup section */
		7181B8CC24B37DE400500479 /* Main.storyboard */ = {
			isa = PBXVariantGroup;
			children = (
				7181B8CD24B37DE400500479 /* Base */,
			);
			name = Main.storyboard;
			sourceTree = "<group>";
		};
		7181B8D124B37DE500500479 /* LaunchScreen.storyboard */ = {
			isa = PBXVariantGroup;
			children = (
				7181B8D224B37DE500500479 /* Base */,
			);
			name = LaunchScreen.storyboard;
			sourceTree = "<group>";
		};
/* End PBXVariantGroup section */

/* Begin XCBuildConfiguration section */
		7181B8ED24B37DE500500479 /* Debug */ = {
			isa = XCBuildConfiguration;
			buildSettings = {
				ALWAYS_SEARCH_USER_PATHS = NO;
				CLANG_ANALYZER_NONNULL = YES;
				CLANG_ANALYZER_NUMBER_OBJECT_CONVERSION = YES_AGGRESSIVE;
				CLANG_CXX_LANGUAGE_STANDARD = "gnu++14";
				CLANG_CXX_LIBRARY = "libc++";
				CLANG_ENABLE_MODULES = YES;
				CLANG_ENABLE_OBJC_ARC = YES;
				CLANG_ENABLE_OBJC_WEAK = YES;
				CLANG_WARN_BLOCK_CAPTURE_AUTORELEASING = YES;
				CLANG_WARN_BOOL_CONVERSION = YES;
				CLANG_WARN_COMMA = YES;
				CLANG_WARN_CONSTANT_CONVERSION = YES;
				CLANG_WARN_DEPRECATED_OBJC_IMPLEMENTATIONS = YES;
				CLANG_WARN_DIRECT_OBJC_ISA_USAGE = YES_ERROR;
				CLANG_WARN_DOCUMENTATION_COMMENTS = YES;
				CLANG_WARN_EMPTY_BODY = YES;
				CLANG_WARN_ENUM_CONVERSION = YES;
				CLANG_WARN_INFINITE_RECURSION = YES;
				CLANG_WARN_INT_CONVERSION = YES;
				CLANG_WARN_NON_LITERAL_NULL_CONVERSION = YES;
				CLANG_WARN_OBJC_IMPLICIT_RETAIN_SELF = YES;
				CLANG_WARN_OBJC_LITERAL_CONVERSION = YES;
				CLANG_WARN_OBJC_ROOT_CLASS = YES_ERROR;
				CLANG_WARN_RANGE_LOOP_ANALYSIS = YES;
				CLANG_WARN_STRICT_PROTOTYPES = YES;
				CLANG_WARN_SUSPICIOUS_MOVE = YES;
				CLANG_WARN_UNGUARDED_AVAILABILITY = YES_AGGRESSIVE;
				CLANG_WARN_UNREACHABLE_CODE = YES;
				CLANG_WARN__DUPLICATE_METHOD_MATCH = YES;
				COPY_PHASE_STRIP = NO;
				DEBUG_INFORMATION_FORMAT = dwarf;
				ENABLE_STRICT_OBJC_MSGSEND = YES;
				ENABLE_TESTABILITY = YES;
				GCC_C_LANGUAGE_STANDARD = gnu11;
				GCC_DYNAMIC_NO_PIC = NO;
				GCC_NO_COMMON_BLOCKS = YES;
				GCC_OPTIMIZATION_LEVEL = 0;
				GCC_PREPROCESSOR_DEFINITIONS = (
					"DEBUG=1",
					"$(inherited)",
				);
				GCC_WARN_64_TO_32_BIT_CONVERSION = YES;
				GCC_WARN_ABOUT_RETURN_TYPE = YES_ERROR;
				GCC_WARN_UNDECLARED_SELECTOR = YES;
				GCC_WARN_UNINITIALIZED_AUTOS = YES_AGGRESSIVE;
				GCC_WARN_UNUSED_FUNCTION = YES;
				GCC_WARN_UNUSED_VARIABLE = YES;
				IPHONEOS_DEPLOYMENT_TARGET = 13.5;
				MTL_ENABLE_DEBUG_INFO = INCLUDE_SOURCE;
				MTL_FAST_MATH = YES;
				ONLY_ACTIVE_ARCH = YES;
				SDKROOT = iphoneos;
			};
			name = Debug;
		};
		7181B8EE24B37DE500500479 /* Release */ = {
			isa = XCBuildConfiguration;
			buildSettings = {
				ALWAYS_SEARCH_USER_PATHS = NO;
				CLANG_ANALYZER_NONNULL = YES;
				CLANG_ANALYZER_NUMBER_OBJECT_CONVERSION = YES_AGGRESSIVE;
				CLANG_CXX_LANGUAGE_STANDARD = "gnu++14";
				CLANG_CXX_LIBRARY = "libc++";
				CLANG_ENABLE_MODULES = YES;
				CLANG_ENABLE_OBJC_ARC = YES;
				CLANG_ENABLE_OBJC_WEAK = YES;
				CLANG_WARN_BLOCK_CAPTURE_AUTORELEASING = YES;
				CLANG_WARN_BOOL_CONVERSION = YES;
				CLANG_WARN_COMMA = YES;
				CLANG_WARN_CONSTANT_CONVERSION = YES;
				CLANG_WARN_DEPRECATED_OBJC_IMPLEMENTATIONS = YES;
				CLANG_WARN_DIRECT_OBJC_ISA_USAGE = YES_ERROR;
				CLANG_WARN_DOCUMENTATION_COMMENTS = YES;
				CLANG_WARN_EMPTY_BODY = YES;
				CLANG_WARN_ENUM_CONVERSION = YES;
				CLANG_WARN_INFINITE_RECURSION = YES;
				CLANG_WARN_INT_CONVERSION = YES;
				CLANG_WARN_NON_LITERAL_NULL_CONVERSION = YES;
				CLANG_WARN_OBJC_IMPLICIT_RETAIN_SELF = YES;
				CLANG_WARN_OBJC_LITERAL_CONVERSION = YES;
				CLANG_WARN_OBJC_ROOT_CLASS = YES_ERROR;
				CLANG_WARN_RANGE_LOOP_ANALYSIS = YES;
				CLANG_WARN_STRICT_PROTOTYPES = YES;
				CLANG_WARN_SUSPICIOUS_MOVE = YES;
				CLANG_WARN_UNGUARDED_AVAILABILITY = YES_AGGRESSIVE;
				CLANG_WARN_UNREACHABLE_CODE = YES;
				CLANG_WARN__DUPLICATE_METHOD_MATCH = YES;
				COPY_PHASE_STRIP = NO;
				DEBUG_INFORMATION_FORMAT = "dwarf-with-dsym";
				ENABLE_NS_ASSERTIONS = NO;
				ENABLE_STRICT_OBJC_MSGSEND = YES;
				GCC_C_LANGUAGE_STANDARD = gnu11;
				GCC_NO_COMMON_BLOCKS = YES;
				GCC_WARN_64_TO_32_BIT_CONVERSION = YES;
				GCC_WARN_ABOUT_RETURN_TYPE = YES_ERROR;
				GCC_WARN_UNDECLARED_SELECTOR = YES;
				GCC_WARN_UNINITIALIZED_AUTOS = YES_AGGRESSIVE;
				GCC_WARN_UNUSED_FUNCTION = YES;
				GCC_WARN_UNUSED_VARIABLE = YES;
				IPHONEOS_DEPLOYMENT_TARGET = 13.5;
				MTL_ENABLE_DEBUG_INFO = NO;
				MTL_FAST_MATH = YES;
				SDKROOT = iphoneos;
				VALIDATE_PRODUCT = YES;
			};
			name = Release;
		};
		7181B8F024B37DE500500479 /* Debug */ = {
			isa = XCBuildConfiguration;
			buildSettings = {
				ASSETCATALOG_COMPILER_APPICON_NAME = AppIcon;
				CODE_SIGN_STYLE = Automatic;
				DEVELOPMENT_TEAM = 8652WRRVFY;
				INFOPLIST_FILE = snappergram/Info.plist;
				LD_RUNPATH_SEARCH_PATHS = (
					"$(inherited)",
					"@executable_path/Frameworks",
				);
				PRODUCT_BUNDLE_IDENTIFIER = com.meganyu.snappergram;
				PRODUCT_NAME = "$(TARGET_NAME)";
				TARGETED_DEVICE_FAMILY = "1,2";
			};
			name = Debug;
		};
		7181B8F124B37DE500500479 /* Release */ = {
			isa = XCBuildConfiguration;
			buildSettings = {
				ASSETCATALOG_COMPILER_APPICON_NAME = AppIcon;
				CODE_SIGN_STYLE = Automatic;
				DEVELOPMENT_TEAM = 8652WRRVFY;
				INFOPLIST_FILE = snappergram/Info.plist;
				LD_RUNPATH_SEARCH_PATHS = (
					"$(inherited)",
					"@executable_path/Frameworks",
				);
				PRODUCT_BUNDLE_IDENTIFIER = com.meganyu.snappergram;
				PRODUCT_NAME = "$(TARGET_NAME)";
				TARGETED_DEVICE_FAMILY = "1,2";
			};
			name = Release;
		};
		7181B8F324B37DE500500479 /* Debug */ = {
			isa = XCBuildConfiguration;
			buildSettings = {
				BUNDLE_LOADER = "$(TEST_HOST)";
				CODE_SIGN_STYLE = Automatic;
				DEVELOPMENT_TEAM = 8652WRRVFY;
				INFOPLIST_FILE = snappergramTests/Info.plist;
				IPHONEOS_DEPLOYMENT_TARGET = 13.5;
				LD_RUNPATH_SEARCH_PATHS = (
					"$(inherited)",
					"@executable_path/Frameworks",
					"@loader_path/Frameworks",
				);
				PRODUCT_BUNDLE_IDENTIFIER = com.meganyu.snappergramTests;
				PRODUCT_NAME = "$(TARGET_NAME)";
				TARGETED_DEVICE_FAMILY = "1,2";
				TEST_HOST = "$(BUILT_PRODUCTS_DIR)/snappergram.app/snappergram";
			};
			name = Debug;
		};
		7181B8F424B37DE500500479 /* Release */ = {
			isa = XCBuildConfiguration;
			buildSettings = {
				BUNDLE_LOADER = "$(TEST_HOST)";
				CODE_SIGN_STYLE = Automatic;
				DEVELOPMENT_TEAM = 8652WRRVFY;
				INFOPLIST_FILE = snappergramTests/Info.plist;
				IPHONEOS_DEPLOYMENT_TARGET = 13.5;
				LD_RUNPATH_SEARCH_PATHS = (
					"$(inherited)",
					"@executable_path/Frameworks",
					"@loader_path/Frameworks",
				);
				PRODUCT_BUNDLE_IDENTIFIER = com.meganyu.snappergramTests;
				PRODUCT_NAME = "$(TARGET_NAME)";
				TARGETED_DEVICE_FAMILY = "1,2";
				TEST_HOST = "$(BUILT_PRODUCTS_DIR)/snappergram.app/snappergram";
			};
			name = Release;
		};
		7181B8F624B37DE500500479 /* Debug */ = {
			isa = XCBuildConfiguration;
			buildSettings = {
				CODE_SIGN_STYLE = Automatic;
				DEVELOPMENT_TEAM = 8652WRRVFY;
				INFOPLIST_FILE = snappergramUITests/Info.plist;
				LD_RUNPATH_SEARCH_PATHS = (
					"$(inherited)",
					"@executable_path/Frameworks",
					"@loader_path/Frameworks",
				);
				PRODUCT_BUNDLE_IDENTIFIER = com.meganyu.snappergramUITests;
				PRODUCT_NAME = "$(TARGET_NAME)";
				TARGETED_DEVICE_FAMILY = "1,2";
				TEST_TARGET_NAME = snappergram;
			};
			name = Debug;
		};
		7181B8F724B37DE500500479 /* Release */ = {
			isa = XCBuildConfiguration;
			buildSettings = {
				CODE_SIGN_STYLE = Automatic;
				DEVELOPMENT_TEAM = 8652WRRVFY;
				INFOPLIST_FILE = snappergramUITests/Info.plist;
				LD_RUNPATH_SEARCH_PATHS = (
					"$(inherited)",
					"@executable_path/Frameworks",
					"@loader_path/Frameworks",
				);
				PRODUCT_BUNDLE_IDENTIFIER = com.meganyu.snappergramUITests;
				PRODUCT_NAME = "$(TARGET_NAME)";
				TARGETED_DEVICE_FAMILY = "1,2";
				TEST_TARGET_NAME = snappergram;
			};
			name = Release;
		};
/* End XCBuildConfiguration section */

/* Begin XCConfigurationList section */
		7181B8BB24B37DE400500479 /* Build configuration list for PBXProject "snappergram" */ = {
			isa = XCConfigurationList;
			buildConfigurations = (
				7181B8ED24B37DE500500479 /* Debug */,
				7181B8EE24B37DE500500479 /* Release */,
			);
			defaultConfigurationIsVisible = 0;
			defaultConfigurationName = Release;
		};
		7181B8EF24B37DE500500479 /* Build configuration list for PBXNativeTarget "snappergram" */ = {
			isa = XCConfigurationList;
			buildConfigurations = (
				7181B8F024B37DE500500479 /* Debug */,
				7181B8F124B37DE500500479 /* Release */,
			);
			defaultConfigurationIsVisible = 0;
			defaultConfigurationName = Release;
		};
		7181B8F224B37DE500500479 /* Build configuration list for PBXNativeTarget "snappergramTests" */ = {
			isa = XCConfigurationList;
			buildConfigurations = (
				7181B8F324B37DE500500479 /* Debug */,
				7181B8F424B37DE500500479 /* Release */,
			);
			defaultConfigurationIsVisible = 0;
			defaultConfigurationName = Release;
		};
		7181B8F524B37DE500500479 /* Build configuration list for PBXNativeTarget "snappergramUITests" */ = {
			isa = XCConfigurationList;
			buildConfigurations = (
				7181B8F624B37DE500500479 /* Debug */,
				7181B8F724B37DE500500479 /* Release */,
			);
			defaultConfigurationIsVisible = 0;
			defaultConfigurationName = Release;
		};
/* End XCConfigurationList section */
	};
	rootObject = 7181B8B824B37DE400500479 /* Project object */;
}
