// !$*UTF8*$!
{
	archiveVersion = 1;
	classes = {
	};
	objectVersion = 51;
	objects = {

/* Begin PBXBuildFile section */
		23C706774DBA6BE5256099ED /* Pods_snappergram.framework in Frameworks */ = {isa = PBXBuildFile; fileRef = 3F90AC224B49D5F068A5B7B4 /* Pods_snappergram.framework */; };
		710E8DFC24B679FA00C430F9 /* InfiniteScrollActivityView.m in Sources */ = {isa = PBXBuildFile; fileRef = 710E8DFB24B679FA00C430F9 /* InfiniteScrollActivityView.m */; };
		710E8E0024B6829100C430F9 /* ProfileViewController.m in Sources */ = {isa = PBXBuildFile; fileRef = 710E8DFF24B6829100C430F9 /* ProfileViewController.m */; };
		710E8E0924B8FFFD00C430F9 /* MainTabBarController.m in Sources */ = {isa = PBXBuildFile; fileRef = 710E8E0624B8FDC800C430F9 /* MainTabBarController.m */; };
		7157C81F24B3C4BA00CB80E4 /* AppDelegate.m in Sources */ = {isa = PBXBuildFile; fileRef = 7181B8C424B37DE400500479 /* AppDelegate.m */; };
		7157C82424B3C80000CB80E4 /* LoginViewController.m in Sources */ = {isa = PBXBuildFile; fileRef = 7157C82324B3C80000CB80E4 /* LoginViewController.m */; };
		7157C82724B3CA6800CB80E4 /* HomeViewController.m in Sources */ = {isa = PBXBuildFile; fileRef = 7157C82624B3CA6800CB80E4 /* HomeViewController.m */; };
		7161071224B3D2AB003A178A /* CreatePostViewController.m in Sources */ = {isa = PBXBuildFile; fileRef = 7161071124B3D2AB003A178A /* CreatePostViewController.m */; };
		71767CA924B3E12A00B5AA8E /* Post.m in Sources */ = {isa = PBXBuildFile; fileRef = 71767CA824B3E12A00B5AA8E /* Post.m */; };
		7181B8C824B37DE400500479 /* SceneDelegate.m in Sources */ = {isa = PBXBuildFile; fileRef = 7181B8C724B37DE400500479 /* SceneDelegate.m */; };
		7181B8CE24B37DE400500479 /* Main.storyboard in Resources */ = {isa = PBXBuildFile; fileRef = 7181B8CC24B37DE400500479 /* Main.storyboard */; };
		7181B8D024B37DE500500479 /* Assets.xcassets in Resources */ = {isa = PBXBuildFile; fileRef = 7181B8CF24B37DE500500479 /* Assets.xcassets */; };
		7181B8D324B37DE500500479 /* LaunchScreen.storyboard in Resources */ = {isa = PBXBuildFile; fileRef = 7181B8D124B37DE500500479 /* LaunchScreen.storyboard */; };
		7181B8D624B37DE500500479 /* main.m in Sources */ = {isa = PBXBuildFile; fileRef = 7181B8D524B37DE500500479 /* main.m */; };
		7181B8E024B37DE500500479 /* snappergramTests.m in Sources */ = {isa = PBXBuildFile; fileRef = 7181B8DF24B37DE500500479 /* snappergramTests.m */; };
		7181B8EB24B37DE500500479 /* snappergramUITests.m in Sources */ = {isa = PBXBuildFile; fileRef = 7181B8EA24B37DE500500479 /* snappergramUITests.m */; };
		719ADE6E24B50EC90081907E /* PostCollectionCell.m in Sources */ = {isa = PBXBuildFile; fileRef = 719ADE6D24B50EC90081907E /* PostCollectionCell.m */; };
		719ADE7224B532F40081907E /* PostDetailsViewController.m in Sources */ = {isa = PBXBuildFile; fileRef = 719ADE7124B532F40081907E /* PostDetailsViewController.m */; };
		A10A7AB2AED9955F06459AFE /* Pods_snappergramTests.framework in Frameworks */ = {isa = PBXBuildFile; fileRef = 729D76DC0C5BFC4BE58711F9 /* Pods_snappergramTests.framework */; };
		B4CA67F40F14501295F69A2A /* Pods_snappergram_snappergramUITests.framework in Frameworks */ = {isa = PBXBuildFile; fileRef = 487C3BF301A53659BA0C6F4A /* Pods_snappergram_snappergramUITests.framework */; };
/* End PBXBuildFile section */

/* Begin PBXContainerItemProxy section */
		7181B8DC24B37DE500500479 /* PBXContainerItemProxy */ = {
			isa = PBXContainerItemProxy;
			containerPortal = 7181B8B824B37DE400500479 /* Project object */;
			proxyType = 1;
			remoteGlobalIDString = 7181B8BF24B37DE400500479;
			remoteInfo = snappergram;
		};
		7181B8E724B37DE500500479 /* PBXContainerItemProxy */ = {
			isa = PBXContainerItemProxy;
			containerPortal = 7181B8B824B37DE400500479 /* Project object */;
			proxyType = 1;
			remoteGlobalIDString = 7181B8BF24B37DE400500479;
			remoteInfo = snappergram;
		};
/* End PBXContainerItemProxy section */

/* Begin PBXFileReference section */
		182296E8583E4ACB329F481F /* Pods-snappergramTests.release.xcconfig */ = {isa = PBXFileReference; includeInIndex = 1; lastKnownFileType = text.xcconfig; name = "Pods-snappergramTests.release.xcconfig"; path = "Target Support Files/Pods-snappergramTests/Pods-snappergramTests.release.xcconfig"; sourceTree = "<group>"; };
		1FB45A68E4A46BC97907A60F /* Pods-snappergram.release.xcconfig */ = {isa = PBXFileReference; includeInIndex = 1; lastKnownFileType = text.xcconfig; name = "Pods-snappergram.release.xcconfig"; path = "Target Support Files/Pods-snappergram/Pods-snappergram.release.xcconfig"; sourceTree = "<group>"; };
		3F90AC224B49D5F068A5B7B4 /* Pods_snappergram.framework */ = {isa = PBXFileReference; explicitFileType = wrapper.framework; includeInIndex = 0; path = Pods_snappergram.framework; sourceTree = BUILT_PRODUCTS_DIR; };
		487C3BF301A53659BA0C6F4A /* Pods_snappergram_snappergramUITests.framework */ = {isa = PBXFileReference; explicitFileType = wrapper.framework; includeInIndex = 0; path = Pods_snappergram_snappergramUITests.framework; sourceTree = BUILT_PRODUCTS_DIR; };
		62133D43965AB1CAE9583860 /* Pods-snappergram-snappergramUITests.release.xcconfig */ = {isa = PBXFileReference; includeInIndex = 1; lastKnownFileType = text.xcconfig; name = "Pods-snappergram-snappergramUITests.release.xcconfig"; path = "Target Support Files/Pods-snappergram-snappergramUITests/Pods-snappergram-snappergramUITests.release.xcconfig"; sourceTree = "<group>"; };
		710E8DFA24B679FA00C430F9 /* InfiniteScrollActivityView.h */ = {isa = PBXFileReference; lastKnownFileType = sourcecode.c.h; path = InfiniteScrollActivityView.h; sourceTree = "<group>"; };
		710E8DFB24B679FA00C430F9 /* InfiniteScrollActivityView.m */ = {isa = PBXFileReference; lastKnownFileType = sourcecode.c.objc; path = InfiniteScrollActivityView.m; sourceTree = "<group>"; };
		710E8DFE24B6829100C430F9 /* ProfileViewController.h */ = {isa = PBXFileReference; lastKnownFileType = sourcecode.c.h; path = ProfileViewController.h; sourceTree = "<group>"; };
		710E8DFF24B6829100C430F9 /* ProfileViewController.m */ = {isa = PBXFileReference; lastKnownFileType = sourcecode.c.objc; path = ProfileViewController.m; sourceTree = "<group>"; };
		710E8E0524B8FDC800C430F9 /* MainTabBarController.h */ = {isa = PBXFileReference; lastKnownFileType = sourcecode.c.h; path = MainTabBarController.h; sourceTree = "<group>"; };
		710E8E0624B8FDC800C430F9 /* MainTabBarController.m */ = {isa = PBXFileReference; lastKnownFileType = sourcecode.c.objc; path = MainTabBarController.m; sourceTree = "<group>"; };
		7157C82224B3C80000CB80E4 /* LoginViewController.h */ = {isa = PBXFileReference; lastKnownFileType = sourcecode.c.h; path = LoginViewController.h; sourceTree = "<group>"; };
		7157C82324B3C80000CB80E4 /* LoginViewController.m */ = {isa = PBXFileReference; lastKnownFileType = sourcecode.c.objc; path = LoginViewController.m; sourceTree = "<group>"; };
		7157C82524B3CA6800CB80E4 /* HomeViewController.h */ = {isa = PBXFileReference; lastKnownFileType = sourcecode.c.h; path = HomeViewController.h; sourceTree = "<group>"; };
		7157C82624B3CA6800CB80E4 /* HomeViewController.m */ = {isa = PBXFileReference; lastKnownFileType = sourcecode.c.objc; path = HomeViewController.m; sourceTree = "<group>"; };
		7161071024B3D2AB003A178A /* CreatePostViewController.h */ = {isa = PBXFileReference; lastKnownFileType = sourcecode.c.h; path = CreatePostViewController.h; sourceTree = "<group>"; };
		7161071124B3D2AB003A178A /* CreatePostViewController.m */ = {isa = PBXFileReference; lastKnownFileType = sourcecode.c.objc; path = CreatePostViewController.m; sourceTree = "<group>"; };
		71767CA724B3E12A00B5AA8E /* Post.h */ = {isa = PBXFileReference; lastKnownFileType = sourcecode.c.h; path = Post.h; sourceTree = "<group>"; };
		71767CA824B3E12A00B5AA8E /* Post.m */ = {isa = PBXFileReference; lastKnownFileType = sourcecode.c.objc; path = Post.m; sourceTree = "<group>"; };
		7181B8C024B37DE400500479 /* snappergram.app */ = {isa = PBXFileReference; explicitFileType = wrapper.application; includeInIndex = 0; path = snappergram.app; sourceTree = BUILT_PRODUCTS_DIR; };
		7181B8C324B37DE400500479 /* AppDelegate.h */ = {isa = PBXFileReference; lastKnownFileType = sourcecode.c.h; path = AppDelegate.h; sourceTree = "<group>"; };
		7181B8C424B37DE400500479 /* AppDelegate.m */ = {isa = PBXFileReference; lastKnownFileType = sourcecode.c.objc; path = AppDelegate.m; sourceTree = "<group>"; };
		7181B8C624B37DE400500479 /* SceneDelegate.h */ = {isa = PBXFileReference; lastKnownFileType = sourcecode.c.h; path = SceneDelegate.h; sourceTree = "<group>"; };
		7181B8C724B37DE400500479 /* SceneDelegate.m */ = {isa = PBXFileReference; lastKnownFileType = sourcecode.c.objc; path = SceneDelegate.m; sourceTree = "<group>"; };
		7181B8CD24B37DE400500479 /* Base */ = {isa = PBXFileReference; lastKnownFileType = file.storyboard; name = Base; path = Base.lproj/Main.storyboard; sourceTree = "<group>"; };
		7181B8CF24B37DE500500479 /* Assets.xcassets */ = {isa = PBXFileReference; lastKnownFileType = folder.assetcatalog; path = Assets.xcassets; sourceTree = "<group>"; };
		7181B8D224B37DE500500479 /* Base */ = {isa = PBXFileReference; lastKnownFileType = file.storyboard; name = Base; path = Base.lproj/LaunchScreen.storyboard; sourceTree = "<group>"; };
		7181B8D424B37DE500500479 /* Info.plist */ = {isa = PBXFileReference; lastKnownFileType = text.plist.xml; path = Info.plist; sourceTree = "<group>"; };
		7181B8D524B37DE500500479 /* main.m */ = {isa = PBXFileReference; lastKnownFileType = sourcecode.c.objc; path = main.m; sourceTree = "<group>"; };
		7181B8DB24B37DE500500479 /* snappergramTests.xctest */ = {isa = PBXFileReference; explicitFileType = wrapper.cfbundle; includeInIndex = 0; path = snappergramTests.xctest; sourceTree = BUILT_PRODUCTS_DIR; };
		7181B8DF24B37DE500500479 /* snappergramTests.m */ = {isa = PBXFileReference; lastKnownFileType = sourcecode.c.objc; path = snappergramTests.m; sourceTree = "<group>"; };
		7181B8E124B37DE500500479 /* Info.plist */ = {isa = PBXFileReference; lastKnownFileType = text.plist.xml; path = Info.plist; sourceTree = "<group>"; };
		7181B8E624B37DE500500479 /* snappergramUITests.xctest */ = {isa = PBXFileReference; explicitFileType = wrapper.cfbundle; includeInIndex = 0; path = snappergramUITests.xctest; sourceTree = BUILT_PRODUCTS_DIR; };
		7181B8EA24B37DE500500479 /* snappergramUITests.m */ = {isa = PBXFileReference; lastKnownFileType = sourcecode.c.objc; path = snappergramUITests.m; sourceTree = "<group>"; };
		7181B8EC24B37DE500500479 /* Info.plist */ = {isa = PBXFileReference; lastKnownFileType = text.plist.xml; path = Info.plist; sourceTree = "<group>"; };
		719ADE6C24B50EC90081907E /* PostCollectionCell.h */ = {isa = PBXFileReference; lastKnownFileType = sourcecode.c.h; path = PostCollectionCell.h; sourceTree = "<group>"; };
		719ADE6D24B50EC90081907E /* PostCollectionCell.m */ = {isa = PBXFileReference; lastKnownFileType = sourcecode.c.objc; path = PostCollectionCell.m; sourceTree = "<group>"; };
		719ADE7024B532F40081907E /* PostDetailsViewController.h */ = {isa = PBXFileReference; lastKnownFileType = sourcecode.c.h; path = PostDetailsViewController.h; sourceTree = "<group>"; };
		719ADE7124B532F40081907E /* PostDetailsViewController.m */ = {isa = PBXFileReference; lastKnownFileType = sourcecode.c.objc; path = PostDetailsViewController.m; sourceTree = "<group>"; };
		7263F337682EEFDB546184BC /* Pods-snappergramTests.debug.xcconfig */ = {isa = PBXFileReference; includeInIndex = 1; lastKnownFileType = text.xcconfig; name = "Pods-snappergramTests.debug.xcconfig"; path = "Target Support Files/Pods-snappergramTests/Pods-snappergramTests.debug.xcconfig"; sourceTree = "<group>"; };
		729D76DC0C5BFC4BE58711F9 /* Pods_snappergramTests.framework */ = {isa = PBXFileReference; explicitFileType = wrapper.framework; includeInIndex = 0; path = Pods_snappergramTests.framework; sourceTree = BUILT_PRODUCTS_DIR; };
		7CB46F6A5BDDAA15C22699D7 /* Pods-snappergram-snappergramUITests.debug.xcconfig */ = {isa = PBXFileReference; includeInIndex = 1; lastKnownFileType = text.xcconfig; name = "Pods-snappergram-snappergramUITests.debug.xcconfig"; path = "Target Support Files/Pods-snappergram-snappergramUITests/Pods-snappergram-snappergramUITests.debug.xcconfig"; sourceTree = "<group>"; };
		C44EA2EF5C0AAE67928C05BC /* Pods-snappergram.debug.xcconfig */ = {isa = PBXFileReference; includeInIndex = 1; lastKnownFileType = text.xcconfig; name = "Pods-snappergram.debug.xcconfig"; path = "Target Support Files/Pods-snappergram/Pods-snappergram.debug.xcconfig"; sourceTree = "<group>"; };
/* End PBXFileReference section */

/* Begin PBXFrameworksBuildPhase section */
		7181B8BD24B37DE400500479 /* Frameworks */ = {
			isa = PBXFrameworksBuildPhase;
			buildActionMask = 2147483647;
			files = (
				23C706774DBA6BE5256099ED /* Pods_snappergram.framework in Frameworks */,
			);
			runOnlyForDeploymentPostprocessing = 0;
		};
		7181B8D824B37DE500500479 /* Frameworks */ = {
			isa = PBXFrameworksBuildPhase;
			buildActionMask = 2147483647;
			files = (
				A10A7AB2AED9955F06459AFE /* Pods_snappergramTests.framework in Frameworks */,
			);
			runOnlyForDeploymentPostprocessing = 0;
		};
		7181B8E324B37DE500500479 /* Frameworks */ = {
			isa = PBXFrameworksBuildPhase;
			buildActionMask = 2147483647;
			files = (
				B4CA67F40F14501295F69A2A /* Pods_snappergram_snappergramUITests.framework in Frameworks */,
			);
			runOnlyForDeploymentPostprocessing = 0;
		};
/* End PBXFrameworksBuildPhase section */

/* Begin PBXGroup section */
		5F7A5A7FD2D3280A68500E4B /* Pods */ = {
			isa = PBXGroup;
			children = (
				C44EA2EF5C0AAE67928C05BC /* Pods-snappergram.debug.xcconfig */,
				1FB45A68E4A46BC97907A60F /* Pods-snappergram.release.xcconfig */,
				7CB46F6A5BDDAA15C22699D7 /* Pods-snappergram-snappergramUITests.debug.xcconfig */,
				62133D43965AB1CAE9583860 /* Pods-snappergram-snappergramUITests.release.xcconfig */,
				7263F337682EEFDB546184BC /* Pods-snappergramTests.debug.xcconfig */,
				182296E8583E4ACB329F481F /* Pods-snappergramTests.release.xcconfig */,
			);
			path = Pods;
			sourceTree = "<group>";
		};
		710E8DFD24B6827C00C430F9 /* Profile View Controller */ = {
			isa = PBXGroup;
			children = (
				710E8DFE24B6829100C430F9 /* ProfileViewController.h */,
				710E8DFF24B6829100C430F9 /* ProfileViewController.m */,
			);
			path = "Profile View Controller";
			sourceTree = "<group>";
		};
		710E8E0824B8FDCD00C430F9 /* Main Tab Bar Controller */ = {
			isa = PBXGroup;
			children = (
				710E8E0524B8FDC800C430F9 /* MainTabBarController.h */,
				710E8E0624B8FDC800C430F9 /* MainTabBarController.m */,
			);
			path = "Main Tab Bar Controller";
			sourceTree = "<group>";
		};
		710E8E0A24B924A900C430F9 /* Post Collection Cell */ = {
			isa = PBXGroup;
			children = (
				719ADE6C24B50EC90081907E /* PostCollectionCell.h */,
				719ADE6D24B50EC90081907E /* PostCollectionCell.m */,
			);
			path = "Post Collection Cell";
			sourceTree = "<group>";
		};
		710E8E0B24B924B100C430F9 /* Infinite Scroll Activity View */ = {
			isa = PBXGroup;
			children = (
				710E8DFA24B679FA00C430F9 /* InfiniteScrollActivityView.h */,
				710E8DFB24B679FA00C430F9 /* InfiniteScrollActivityView.m */,
			);
			path = "Infinite Scroll Activity View";
			sourceTree = "<group>";
		};
		7157C82024B3C7E400CB80E4 /* View Controllers */ = {
			isa = PBXGroup;
			children = (
				710E8E0824B8FDCD00C430F9 /* Main Tab Bar Controller */,
				7157C82924B3CA7900CB80E4 /* Login View Controller */,
				7157C82824B3CA6C00CB80E4 /* Home View Controller */,
				719ADE6F24B532D80081907E /* Post Details View Controller */,
				710E8DFD24B6827C00C430F9 /* Profile View Controller */,
				7161070F24B3D289003A178A /* Create Post View Controller */,
			);
			path = "View Controllers";
			sourceTree = "<group>";
		};
		7157C82124B3C7EA00CB80E4 /* Views */ = {
			isa = PBXGroup;
			children = (
				710E8E0A24B924A900C430F9 /* Post Collection Cell */,
				710E8E0B24B924B100C430F9 /* Infinite Scroll Activity View */,
			);
			path = Views;
			sourceTree = "<group>";
		};
		7157C82824B3CA6C00CB80E4 /* Home View Controller */ = {
			isa = PBXGroup;
			children = (
				7157C82524B3CA6800CB80E4 /* HomeViewController.h */,
				7157C82624B3CA6800CB80E4 /* HomeViewController.m */,
			);
			path = "Home View Controller";
			sourceTree = "<group>";
		};
		7157C82924B3CA7900CB80E4 /* Login View Controller */ = {
			isa = PBXGroup;
			children = (
				7157C82224B3C80000CB80E4 /* LoginViewController.h */,
				7157C82324B3C80000CB80E4 /* LoginViewController.m */,
			);
			path = "Login View Controller";
			sourceTree = "<group>";
		};
		7161070F24B3D289003A178A /* Create Post View Controller */ = {
			isa = PBXGroup;
			children = (
				7161071024B3D2AB003A178A /* CreatePostViewController.h */,
				7161071124B3D2AB003A178A /* CreatePostViewController.m */,
			);
			path = "Create Post View Controller";
			sourceTree = "<group>";
		};
		71767CA624B3E0FA00B5AA8E /* Model */ = {
			isa = PBXGroup;
			children = (
				71767CA724B3E12A00B5AA8E /* Post.h */,
				71767CA824B3E12A00B5AA8E /* Post.m */,
			);
			path = Model;
			sourceTree = "<group>";
		};
		7181B8B724B37DE400500479 = {
			isa = PBXGroup;
			children = (
				7181B8C224B37DE400500479 /* snappergram */,
				7181B8DE24B37DE500500479 /* snappergramTests */,
				7181B8E924B37DE500500479 /* snappergramUITests */,
				7181B8C124B37DE400500479 /* Products */,
				5F7A5A7FD2D3280A68500E4B /* Pods */,
				ACFE5E3C41937BDAC90070A9 /* Frameworks */,
			);
			sourceTree = "<group>";
		};
		7181B8C124B37DE400500479 /* Products */ = {
			isa = PBXGroup;
			children = (
				7181B8C024B37DE400500479 /* snappergram.app */,
				7181B8DB24B37DE500500479 /* snappergramTests.xctest */,
				7181B8E624B37DE500500479 /* snappergramUITests.xctest */,
			);
			name = Products;
			sourceTree = "<group>";
		};
		7181B8C224B37DE400500479 /* snappergram */ = {
			isa = PBXGroup;
			children = (
				71767CA624B3E0FA00B5AA8E /* Model */,
				7157C82124B3C7EA00CB80E4 /* Views */,
				7157C82024B3C7E400CB80E4 /* View Controllers */,
				7181B8C324B37DE400500479 /* AppDelegate.h */,
				7181B8C424B37DE400500479 /* AppDelegate.m */,
				7181B8C624B37DE400500479 /* SceneDelegate.h */,
				7181B8C724B37DE400500479 /* SceneDelegate.m */,
				7181B8CC24B37DE400500479 /* Main.storyboard */,
				7181B8CF24B37DE500500479 /* Assets.xcassets */,
				7181B8D124B37DE500500479 /* LaunchScreen.storyboard */,
				7181B8D424B37DE500500479 /* Info.plist */,
				7181B8D524B37DE500500479 /* main.m */,
			);
			path = snappergram;
			sourceTree = "<group>";
		};
		7181B8DE24B37DE500500479 /* snappergramTests */ = {
			isa = PBXGroup;
			children = (
				7181B8DF24B37DE500500479 /* snappergramTests.m */,
				7181B8E124B37DE500500479 /* Info.plist */,
			);
			path = snappergramTests;
			sourceTree = "<group>";
		};
		7181B8E924B37DE500500479 /* snappergramUITests */ = {
			isa = PBXGroup;
			children = (
				7181B8EA24B37DE500500479 /* snappergramUITests.m */,
				7181B8EC24B37DE500500479 /* Info.plist */,
			);
			path = snappergramUITests;
			sourceTree = "<group>";
		};
		719ADE6F24B532D80081907E /* Post Details View Controller */ = {
			isa = PBXGroup;
			children = (
				719ADE7024B532F40081907E /* PostDetailsViewController.h */,
				719ADE7124B532F40081907E /* PostDetailsViewController.m */,
			);
			path = "Post Details View Controller";
			sourceTree = "<group>";
		};
		ACFE5E3C41937BDAC90070A9 /* Frameworks */ = {
			isa = PBXGroup;
			children = (
				3F90AC224B49D5F068A5B7B4 /* Pods_snappergram.framework */,
				487C3BF301A53659BA0C6F4A /* Pods_snappergram_snappergramUITests.framework */,
				729D76DC0C5BFC4BE58711F9 /* Pods_snappergramTests.framework */,
			);
			name = Frameworks;
			sourceTree = "<group>";
		};
/* End PBXGroup section */

/* Begin PBXNativeTarget section */
		7181B8BF24B37DE400500479 /* snappergram */ = {
			isa = PBXNativeTarget;
			buildConfigurationList = 7181B8EF24B37DE500500479 /* Build configuration list for PBXNativeTarget "snappergram" */;
			buildPhases = (
				BC307E51A510E27553BE84FC /* [CP] Check Pods Manifest.lock */,
				7181B8BC24B37DE400500479 /* Sources */,
				7181B8BD24B37DE400500479 /* Frameworks */,
				7181B8BE24B37DE400500479 /* Resources */,
				1BF6EC10E00A23722A92B506 /* [CP] Embed Pods Frameworks */,
			);
			buildRules = (
			);
			dependencies = (
			);
			name = snappergram;
			productName = snappergram;
			productReference = 7181B8C024B37DE400500479 /* snappergram.app */;
			productType = "com.apple.product-type.application";
		};
		7181B8DA24B37DE500500479 /* snappergramTests */ = {
			isa = PBXNativeTarget;
			buildConfigurationList = 7181B8F224B37DE500500479 /* Build configuration list for PBXNativeTarget "snappergramTests" */;
			buildPhases = (
				2D318CBBA2595CEB9FEADA19 /* [CP] Check Pods Manifest.lock */,
				7181B8D724B37DE500500479 /* Sources */,
				7181B8D824B37DE500500479 /* Frameworks */,
				7181B8D924B37DE500500479 /* Resources */,
			);
			buildRules = (
			);
			dependencies = (
				7181B8DD24B37DE500500479 /* PBXTargetDependency */,
			);
			name = snappergramTests;
			productName = snappergramTests;
			productReference = 7181B8DB24B37DE500500479 /* snappergramTests.xctest */;
			productType = "com.apple.product-type.bundle.unit-test";
		};
		7181B8E524B37DE500500479 /* snappergramUITests */ = {
			isa = PBXNativeTarget;
			buildConfigurationList = 7181B8F524B37DE500500479 /* Build configuration list for PBXNativeTarget "snappergramUITests" */;
			buildPhases = (
				5D10DBCD4889B0C0A4A9C226 /* [CP] Check Pods Manifest.lock */,
				7181B8E224B37DE500500479 /* Sources */,
				7181B8E324B37DE500500479 /* Frameworks */,
				7181B8E424B37DE500500479 /* Resources */,
				25D974F192FBF4272B066CEC /* [CP] Embed Pods Frameworks */,
			);
			buildRules = (
			);
			dependencies = (
				7181B8E824B37DE500500479 /* PBXTargetDependency */,
			);
			name = snappergramUITests;
			productName = snappergramUITests;
			productReference = 7181B8E624B37DE500500479 /* snappergramUITests.xctest */;
			productType = "com.apple.product-type.bundle.ui-testing";
		};
/* End PBXNativeTarget section */

/* Begin PBXProject section */
		7181B8B824B37DE400500479 /* Project object */ = {
			isa = PBXProject;
			attributes = {
				LastUpgradeCheck = 1150;
				ORGANIZATIONNAME = meganyu;
				TargetAttributes = {
					7181B8BF24B37DE400500479 = {
						CreatedOnToolsVersion = 11.5;
					};
					7181B8DA24B37DE500500479 = {
						CreatedOnToolsVersion = 11.5;
						TestTargetID = 7181B8BF24B37DE400500479;
					};
					7181B8E524B37DE500500479 = {
						CreatedOnToolsVersion = 11.5;
						TestTargetID = 7181B8BF24B37DE400500479;
					};
				};
			};
			buildConfigurationList = 7181B8BB24B37DE400500479 /* Build configuration list for PBXProject "snappergram" */;
			compatibilityVersion = "Xcode 9.3";
			developmentRegion = en;
			hasScannedForEncodings = 0;
			knownRegions = (
				en,
				Base,
			);
			mainGroup = 7181B8B724B37DE400500479;
			productRefGroup = 7181B8C124B37DE400500479 /* Products */;
			projectDirPath = "";
			projectRoot = "";
			targets = (
				7181B8BF24B37DE400500479 /* snappergram */,
				7181B8DA24B37DE500500479 /* snappergramTests */,
				7181B8E524B37DE500500479 /* snappergramUITests */,
			);
		};
/* End PBXProject section */

/* Begin PBXResourcesBuildPhase section */
		7181B8BE24B37DE400500479 /* Resources */ = {
			isa = PBXResourcesBuildPhase;
			buildActionMask = 2147483647;
			files = (
				7181B8D324B37DE500500479 /* LaunchScreen.storyboard in Resources */,
				7181B8D024B37DE500500479 /* Assets.xcassets in Resources */,
				7181B8CE24B37DE400500479 /* Main.storyboard in Resources */,
			);
			runOnlyForDeploymentPostprocessing = 0;
		};
		7181B8D924B37DE500500479 /* Resources */ = {
			isa = PBXResourcesBuildPhase;
			buildActionMask = 2147483647;
			files = (
			);
			runOnlyForDeploymentPostprocessing = 0;
		};
		7181B8E424B37DE500500479 /* Resources */ = {
			isa = PBXResourcesBuildPhase;
			buildActionMask = 2147483647;
			files = (
			);
			runOnlyForDeploymentPostprocessing = 0;
		};
/* End PBXResourcesBuildPhase section */

/* Begin PBXShellScriptBuildPhase section */
		1BF6EC10E00A23722A92B506 /* [CP] Embed Pods Frameworks */ = {
			isa = PBXShellScriptBuildPhase;
			buildActionMask = 2147483647;
			files = (
			);
			inputFileListPaths = (
				"${PODS_ROOT}/Target Support Files/Pods-snappergram/Pods-snappergram-frameworks-${CONFIGURATION}-input-files.xcfilelist",
			);
			name = "[CP] Embed Pods Frameworks";
			outputFileListPaths = (
				"${PODS_ROOT}/Target Support Files/Pods-snappergram/Pods-snappergram-frameworks-${CONFIGURATION}-output-files.xcfilelist",
			);
			runOnlyForDeploymentPostprocessing = 0;
			shellPath = /bin/sh;
			shellScript = "\"${PODS_ROOT}/Target Support Files/Pods-snappergram/Pods-snappergram-frameworks.sh\"\n";
			showEnvVarsInLog = 0;
		};
		25D974F192FBF4272B066CEC /* [CP] Embed Pods Frameworks */ = {
			isa = PBXShellScriptBuildPhase;
			buildActionMask = 2147483647;
			files = (
			);
			inputFileListPaths = (
				"${PODS_ROOT}/Target Support Files/Pods-snappergram-snappergramUITests/Pods-snappergram-snappergramUITests-frameworks-${CONFIGURATION}-input-files.xcfilelist",
			);
			name = "[CP] Embed Pods Frameworks";
			outputFileListPaths = (
				"${PODS_ROOT}/Target Support Files/Pods-snappergram-snappergramUITests/Pods-snappergram-snappergramUITests-frameworks-${CONFIGURATION}-output-files.xcfilelist",
			);
			runOnlyForDeploymentPostprocessing = 0;
			shellPath = /bin/sh;
			shellScript = "\"${PODS_ROOT}/Target Support Files/Pods-snappergram-snappergramUITests/Pods-snappergram-snappergramUITests-frameworks.sh\"\n";
			showEnvVarsInLog = 0;
		};
		2D318CBBA2595CEB9FEADA19 /* [CP] Check Pods Manifest.lock */ = {
			isa = PBXShellScriptBuildPhase;
			buildActionMask = 2147483647;
			files = (
			);
			inputFileListPaths = (
			);
			inputPaths = (
				"${PODS_PODFILE_DIR_PATH}/Podfile.lock",
				"${PODS_ROOT}/Manifest.lock",
			);
			name = "[CP] Check Pods Manifest.lock";
			outputFileListPaths = (
			);
			outputPaths = (
				"$(DERIVED_FILE_DIR)/Pods-snappergramTests-checkManifestLockResult.txt",
			);
			runOnlyForDeploymentPostprocessing = 0;
			shellPath = /bin/sh;
			shellScript = "diff \"${PODS_PODFILE_DIR_PATH}/Podfile.lock\" \"${PODS_ROOT}/Manifest.lock\" > /dev/null\nif [ $? != 0 ] ; then\n    # print error to STDERR\n    echo \"error: The sandbox is not in sync with the Podfile.lock. Run 'pod install' or update your CocoaPods installation.\" >&2\n    exit 1\nfi\n# This output is used by Xcode 'outputs' to avoid re-running this script phase.\necho \"SUCCESS\" > \"${SCRIPT_OUTPUT_FILE_0}\"\n";
			showEnvVarsInLog = 0;
		};
		5D10DBCD4889B0C0A4A9C226 /* [CP] Check Pods Manifest.lock */ = {
			isa = PBXShellScriptBuildPhase;
			buildActionMask = 2147483647;
			files = (
			);
			inputFileListPaths = (
			);
			inputPaths = (
				"${PODS_PODFILE_DIR_PATH}/Podfile.lock",
				"${PODS_ROOT}/Manifest.lock",
			);
			name = "[CP] Check Pods Manifest.lock";
			outputFileListPaths = (
			);
			outputPaths = (
				"$(DERIVED_FILE_DIR)/Pods-snappergram-snappergramUITests-checkManifestLockResult.txt",
			);
			runOnlyForDeploymentPostprocessing = 0;
			shellPath = /bin/sh;
			shellScript = "diff \"${PODS_PODFILE_DIR_PATH}/Podfile.lock\" \"${PODS_ROOT}/Manifest.lock\" > /dev/null\nif [ $? != 0 ] ; then\n    # print error to STDERR\n    echo \"error: The sandbox is not in sync with the Podfile.lock. Run 'pod install' or update your CocoaPods installation.\" >&2\n    exit 1\nfi\n# This output is used by Xcode 'outputs' to avoid re-running this script phase.\necho \"SUCCESS\" > \"${SCRIPT_OUTPUT_FILE_0}\"\n";
			showEnvVarsInLog = 0;
		};
		BC307E51A510E27553BE84FC /* [CP] Check Pods Manifest.lock */ = {
			isa = PBXShellScriptBuildPhase;
			buildActionMask = 2147483647;
			files = (
			);
			inputFileListPaths = (
			);
			inputPaths = (
				"${PODS_PODFILE_DIR_PATH}/Podfile.lock",
				"${PODS_ROOT}/Manifest.lock",
			);
			name = "[CP] Check Pods Manifest.lock";
			outputFileListPaths = (
			);
			outputPaths = (
				"$(DERIVED_FILE_DIR)/Pods-snappergram-checkManifestLockResult.txt",
			);
			runOnlyForDeploymentPostprocessing = 0;
			shellPath = /bin/sh;
			shellScript = "diff \"${PODS_PODFILE_DIR_PATH}/Podfile.lock\" \"${PODS_ROOT}/Manifest.lock\" > /dev/null\nif [ $? != 0 ] ; then\n    # print error to STDERR\n    echo \"error: The sandbox is not in sync with the Podfile.lock. Run 'pod install' or update your CocoaPods installation.\" >&2\n    exit 1\nfi\n# This output is used by Xcode 'outputs' to avoid re-running this script phase.\necho \"SUCCESS\" > \"${SCRIPT_OUTPUT_FILE_0}\"\n";
			showEnvVarsInLog = 0;
		};
/* End PBXShellScriptBuildPhase section */

/* Begin PBXSourcesBuildPhase section */
		7181B8BC24B37DE400500479 /* Sources */ = {
			isa = PBXSourcesBuildPhase;
			buildActionMask = 2147483647;
			files = (
				710E8E0924B8FFFD00C430F9 /* MainTabBarController.m in Sources */,
				7161071224B3D2AB003A178A /* CreatePostViewController.m in Sources */,
				719ADE6E24B50EC90081907E /* PostCollectionCell.m in Sources */,
				710E8DFC24B679FA00C430F9 /* InfiniteScrollActivityView.m in Sources */,
				7157C82424B3C80000CB80E4 /* LoginViewController.m in Sources */,
				7157C81F24B3C4BA00CB80E4 /* AppDelegate.m in Sources */,
				7181B8D624B37DE500500479 /* main.m in Sources */,
				7157C82724B3CA6800CB80E4 /* HomeViewController.m in Sources */,
				7181B8C824B37DE400500479 /* SceneDelegate.m in Sources */,
				710E8E0024B6829100C430F9 /* ProfileViewController.m in Sources */,
				71767CA924B3E12A00B5AA8E /* Post.m in Sources */,
				719ADE7224B532F40081907E /* PostDetailsViewController.m in Sources */,
			);
			runOnlyForDeploymentPostprocessing = 0;
		};
		7181B8D724B37DE500500479 /* Sources */ = {
			isa = PBXSourcesBuildPhase;
			buildActionMask = 2147483647;
			files = (
				7181B8E024B37DE500500479 /* snappergramTests.m in Sources */,
			);
			runOnlyForDeploymentPostprocessing = 0;
		};
		7181B8E224B37DE500500479 /* Sources */ = {
			isa = PBXSourcesBuildPhase;
			buildActionMask = 2147483647;
			files = (
				7181B8EB24B37DE500500479 /* snappergramUITests.m in Sources */,
			);
			runOnlyForDeploymentPostprocessing = 0;
		};
/* End PBXSourcesBuildPhase section */

/* Begin PBXTargetDependency section */
		7181B8DD24B37DE500500479 /* PBXTargetDependency */ = {
			isa = PBXTargetDependency;
			target = 7181B8BF24B37DE400500479 /* snappergram */;
			targetProxy = 7181B8DC24B37DE500500479 /* PBXContainerItemProxy */;
		};
		7181B8E824B37DE500500479 /* PBXTargetDependency */ = {
			isa = PBXTargetDependency;
			target = 7181B8BF24B37DE400500479 /* snappergram */;
			targetProxy = 7181B8E724B37DE500500479 /* PBXContainerItemProxy */;
		};
/* End PBXTargetDependency section */

/* Begin PBXVariantGroup section */
		7181B8CC24B37DE400500479 /* Main.storyboard */ = {
			isa = PBXVariantGroup;
			children = (
				7181B8CD24B37DE400500479 /* Base */,
			);
			name = Main.storyboard;
			sourceTree = "<group>";
		};
		7181B8D124B37DE500500479 /* LaunchScreen.storyboard */ = {
			isa = PBXVariantGroup;
			children = (
				7181B8D224B37DE500500479 /* Base */,
			);
			name = LaunchScreen.storyboard;
			sourceTree = "<group>";
		};
/* End PBXVariantGroup section */

/* Begin XCBuildConfiguration section */
		7181B8ED24B37DE500500479 /* Debug */ = {
			isa = XCBuildConfiguration;
			buildSettings = {
				ALWAYS_SEARCH_USER_PATHS = NO;
				CLANG_ANALYZER_NONNULL = YES;
				CLANG_ANALYZER_NUMBER_OBJECT_CONVERSION = YES_AGGRESSIVE;
				CLANG_CXX_LANGUAGE_STANDARD = "gnu++14";
				CLANG_CXX_LIBRARY = "libc++";
				CLANG_ENABLE_MODULES = YES;
				CLANG_ENABLE_OBJC_ARC = YES;
				CLANG_ENABLE_OBJC_WEAK = YES;
				CLANG_WARN_BLOCK_CAPTURE_AUTORELEASING = YES;
				CLANG_WARN_BOOL_CONVERSION = YES;
				CLANG_WARN_COMMA = YES;
				CLANG_WARN_CONSTANT_CONVERSION = YES;
				CLANG_WARN_DEPRECATED_OBJC_IMPLEMENTATIONS = YES;
				CLANG_WARN_DIRECT_OBJC_ISA_USAGE = YES_ERROR;
				CLANG_WARN_DOCUMENTATION_COMMENTS = YES;
				CLANG_WARN_EMPTY_BODY = YES;
				CLANG_WARN_ENUM_CONVERSION = YES;
				CLANG_WARN_INFINITE_RECURSION = YES;
				CLANG_WARN_INT_CONVERSION = YES;
				CLANG_WARN_NON_LITERAL_NULL_CONVERSION = YES;
				CLANG_WARN_OBJC_IMPLICIT_RETAIN_SELF = YES;
				CLANG_WARN_OBJC_LITERAL_CONVERSION = YES;
				CLANG_WARN_OBJC_ROOT_CLASS = YES_ERROR;
				CLANG_WARN_RANGE_LOOP_ANALYSIS = YES;
				CLANG_WARN_STRICT_PROTOTYPES = YES;
				CLANG_WARN_SUSPICIOUS_MOVE = YES;
				CLANG_WARN_UNGUARDED_AVAILABILITY = YES_AGGRESSIVE;
				CLANG_WARN_UNREACHABLE_CODE = YES;
				CLANG_WARN__DUPLICATE_METHOD_MATCH = YES;
				COPY_PHASE_STRIP = NO;
				DEBUG_INFORMATION_FORMAT = dwarf;
				ENABLE_STRICT_OBJC_MSGSEND = YES;
				ENABLE_TESTABILITY = YES;
				GCC_C_LANGUAGE_STANDARD = gnu11;
				GCC_DYNAMIC_NO_PIC = NO;
				GCC_NO_COMMON_BLOCKS = YES;
				GCC_OPTIMIZATION_LEVEL = 0;
				GCC_PREPROCESSOR_DEFINITIONS = (
					"DEBUG=1",
					"$(inherited)",
				);
				GCC_WARN_64_TO_32_BIT_CONVERSION = YES;
				GCC_WARN_ABOUT_RETURN_TYPE = YES_ERROR;
				GCC_WARN_UNDECLARED_SELECTOR = YES;
				GCC_WARN_UNINITIALIZED_AUTOS = YES_AGGRESSIVE;
				GCC_WARN_UNUSED_FUNCTION = YES;
				GCC_WARN_UNUSED_VARIABLE = YES;
				IPHONEOS_DEPLOYMENT_TARGET = 13.5;
				MTL_ENABLE_DEBUG_INFO = INCLUDE_SOURCE;
				MTL_FAST_MATH = YES;
				ONLY_ACTIVE_ARCH = YES;
				SDKROOT = iphoneos;
			};
			name = Debug;
		};
		7181B8EE24B37DE500500479 /* Release */ = {
			isa = XCBuildConfiguration;
			buildSettings = {
				ALWAYS_SEARCH_USER_PATHS = NO;
				CLANG_ANALYZER_NONNULL = YES;
				CLANG_ANALYZER_NUMBER_OBJECT_CONVERSION = YES_AGGRESSIVE;
				CLANG_CXX_LANGUAGE_STANDARD = "gnu++14";
				CLANG_CXX_LIBRARY = "libc++";
				CLANG_ENABLE_MODULES = YES;
				CLANG_ENABLE_OBJC_ARC = YES;
				CLANG_ENABLE_OBJC_WEAK = YES;
				CLANG_WARN_BLOCK_CAPTURE_AUTORELEASING = YES;
				CLANG_WARN_BOOL_CONVERSION = YES;
				CLANG_WARN_COMMA = YES;
				CLANG_WARN_CONSTANT_CONVERSION = YES;
				CLANG_WARN_DEPRECATED_OBJC_IMPLEMENTATIONS = YES;
				CLANG_WARN_DIRECT_OBJC_ISA_USAGE = YES_ERROR;
				CLANG_WARN_DOCUMENTATION_COMMENTS = YES;
				CLANG_WARN_EMPTY_BODY = YES;
				CLANG_WARN_ENUM_CONVERSION = YES;
				CLANG_WARN_INFINITE_RECURSION = YES;
				CLANG_WARN_INT_CONVERSION = YES;
				CLANG_WARN_NON_LITERAL_NULL_CONVERSION = YES;
				CLANG_WARN_OBJC_IMPLICIT_RETAIN_SELF = YES;
				CLANG_WARN_OBJC_LITERAL_CONVERSION = YES;
				CLANG_WARN_OBJC_ROOT_CLASS = YES_ERROR;
				CLANG_WARN_RANGE_LOOP_ANALYSIS = YES;
				CLANG_WARN_STRICT_PROTOTYPES = YES;
				CLANG_WARN_SUSPICIOUS_MOVE = YES;
				CLANG_WARN_UNGUARDED_AVAILABILITY = YES_AGGRESSIVE;
				CLANG_WARN_UNREACHABLE_CODE = YES;
				CLANG_WARN__DUPLICATE_METHOD_MATCH = YES;
				COPY_PHASE_STRIP = NO;
				DEBUG_INFORMATION_FORMAT = "dwarf-with-dsym";
				ENABLE_NS_ASSERTIONS = NO;
				ENABLE_STRICT_OBJC_MSGSEND = YES;
				GCC_C_LANGUAGE_STANDARD = gnu11;
				GCC_NO_COMMON_BLOCKS = YES;
				GCC_WARN_64_TO_32_BIT_CONVERSION = YES;
				GCC_WARN_ABOUT_RETURN_TYPE = YES_ERROR;
				GCC_WARN_UNDECLARED_SELECTOR = YES;
				GCC_WARN_UNINITIALIZED_AUTOS = YES_AGGRESSIVE;
				GCC_WARN_UNUSED_FUNCTION = YES;
				GCC_WARN_UNUSED_VARIABLE = YES;
				IPHONEOS_DEPLOYMENT_TARGET = 13.5;
				MTL_ENABLE_DEBUG_INFO = NO;
				MTL_FAST_MATH = YES;
				SDKROOT = iphoneos;
				VALIDATE_PRODUCT = YES;
			};
			name = Release;
		};
		7181B8F024B37DE500500479 /* Debug */ = {
			isa = XCBuildConfiguration;
			baseConfigurationReference = C44EA2EF5C0AAE67928C05BC /* Pods-snappergram.debug.xcconfig */;
			buildSettings = {
				ASSETCATALOG_COMPILER_APPICON_NAME = AppIcon;
				CODE_SIGN_STYLE = Automatic;
				DEVELOPMENT_TEAM = 8652WRRVFY;
				INFOPLIST_FILE = snappergram/Info.plist;
				LD_RUNPATH_SEARCH_PATHS = (
					"$(inherited)",
					"@executable_path/Frameworks",
				);
				PRODUCT_BUNDLE_IDENTIFIER = com.meganyu.snappergram;
				PRODUCT_NAME = "$(TARGET_NAME)";
				TARGETED_DEVICE_FAMILY = "1,2";
			};
			name = Debug;
		};
		7181B8F124B37DE500500479 /* Release */ = {
			isa = XCBuildConfiguration;
			baseConfigurationReference = 1FB45A68E4A46BC97907A60F /* Pods-snappergram.release.xcconfig */;
			buildSettings = {
				ASSETCATALOG_COMPILER_APPICON_NAME = AppIcon;
				CODE_SIGN_STYLE = Automatic;
				DEVELOPMENT_TEAM = 8652WRRVFY;
				INFOPLIST_FILE = snappergram/Info.plist;
				LD_RUNPATH_SEARCH_PATHS = (
					"$(inherited)",
					"@executable_path/Frameworks",
				);
				PRODUCT_BUNDLE_IDENTIFIER = com.meganyu.snappergram;
				PRODUCT_NAME = "$(TARGET_NAME)";
				TARGETED_DEVICE_FAMILY = "1,2";
			};
			name = Release;
		};
		7181B8F324B37DE500500479 /* Debug */ = {
			isa = XCBuildConfiguration;
			baseConfigurationReference = 7263F337682EEFDB546184BC /* Pods-snappergramTests.debug.xcconfig */;
			buildSettings = {
				BUNDLE_LOADER = "$(TEST_HOST)";
				CODE_SIGN_STYLE = Automatic;
				DEVELOPMENT_TEAM = 8652WRRVFY;
				INFOPLIST_FILE = snappergramTests/Info.plist;
				IPHONEOS_DEPLOYMENT_TARGET = 13.5;
				LD_RUNPATH_SEARCH_PATHS = (
					"$(inherited)",
					"@executable_path/Frameworks",
					"@loader_path/Frameworks",
				);
				PRODUCT_BUNDLE_IDENTIFIER = com.meganyu.snappergramTests;
				PRODUCT_NAME = "$(TARGET_NAME)";
				TARGETED_DEVICE_FAMILY = "1,2";
				TEST_HOST = "$(BUILT_PRODUCTS_DIR)/snappergram.app/snappergram";
			};
			name = Debug;
		};
		7181B8F424B37DE500500479 /* Release */ = {
			isa = XCBuildConfiguration;
			baseConfigurationReference = 182296E8583E4ACB329F481F /* Pods-snappergramTests.release.xcconfig */;
			buildSettings = {
				BUNDLE_LOADER = "$(TEST_HOST)";
				CODE_SIGN_STYLE = Automatic;
				DEVELOPMENT_TEAM = 8652WRRVFY;
				INFOPLIST_FILE = snappergramTests/Info.plist;
				IPHONEOS_DEPLOYMENT_TARGET = 13.5;
				LD_RUNPATH_SEARCH_PATHS = (
					"$(inherited)",
					"@executable_path/Frameworks",
					"@loader_path/Frameworks",
				);
				PRODUCT_BUNDLE_IDENTIFIER = com.meganyu.snappergramTests;
				PRODUCT_NAME = "$(TARGET_NAME)";
				TARGETED_DEVICE_FAMILY = "1,2";
				TEST_HOST = "$(BUILT_PRODUCTS_DIR)/snappergram.app/snappergram";
			};
			name = Release;
		};
		7181B8F624B37DE500500479 /* Debug */ = {
			isa = XCBuildConfiguration;
			baseConfigurationReference = 7CB46F6A5BDDAA15C22699D7 /* Pods-snappergram-snappergramUITests.debug.xcconfig */;
			buildSettings = {
				CODE_SIGN_STYLE = Automatic;
				DEVELOPMENT_TEAM = 8652WRRVFY;
				INFOPLIST_FILE = snappergramUITests/Info.plist;
				LD_RUNPATH_SEARCH_PATHS = (
					"$(inherited)",
					"@executable_path/Frameworks",
					"@loader_path/Frameworks",
				);
				PRODUCT_BUNDLE_IDENTIFIER = com.meganyu.snappergramUITests;
				PRODUCT_NAME = "$(TARGET_NAME)";
				TARGETED_DEVICE_FAMILY = "1,2";
				TEST_TARGET_NAME = snappergram;
			};
			name = Debug;
		};
		7181B8F724B37DE500500479 /* Release */ = {
			isa = XCBuildConfiguration;
			baseConfigurationReference = 62133D43965AB1CAE9583860 /* Pods-snappergram-snappergramUITests.release.xcconfig */;
			buildSettings = {
				CODE_SIGN_STYLE = Automatic;
				DEVELOPMENT_TEAM = 8652WRRVFY;
				INFOPLIST_FILE = snappergramUITests/Info.plist;
				LD_RUNPATH_SEARCH_PATHS = (
					"$(inherited)",
					"@executable_path/Frameworks",
					"@loader_path/Frameworks",
				);
				PRODUCT_BUNDLE_IDENTIFIER = com.meganyu.snappergramUITests;
				PRODUCT_NAME = "$(TARGET_NAME)";
				TARGETED_DEVICE_FAMILY = "1,2";
				TEST_TARGET_NAME = snappergram;
			};
			name = Release;
		};
/* End XCBuildConfiguration section */

/* Begin XCConfigurationList section */
		7181B8BB24B37DE400500479 /* Build configuration list for PBXProject "snappergram" */ = {
			isa = XCConfigurationList;
			buildConfigurations = (
				7181B8ED24B37DE500500479 /* Debug */,
				7181B8EE24B37DE500500479 /* Release */,
			);
			defaultConfigurationIsVisible = 0;
			defaultConfigurationName = Release;
		};
		7181B8EF24B37DE500500479 /* Build configuration list for PBXNativeTarget "snappergram" */ = {
			isa = XCConfigurationList;
			buildConfigurations = (
				7181B8F024B37DE500500479 /* Debug */,
				7181B8F124B37DE500500479 /* Release */,
			);
			defaultConfigurationIsVisible = 0;
			defaultConfigurationName = Release;
		};
		7181B8F224B37DE500500479 /* Build configuration list for PBXNativeTarget "snappergramTests" */ = {
			isa = XCConfigurationList;
			buildConfigurations = (
				7181B8F324B37DE500500479 /* Debug */,
				7181B8F424B37DE500500479 /* Release */,
			);
			defaultConfigurationIsVisible = 0;
			defaultConfigurationName = Release;
		};
		7181B8F524B37DE500500479 /* Build configuration list for PBXNativeTarget "snappergramUITests" */ = {
			isa = XCConfigurationList;
			buildConfigurations = (
				7181B8F624B37DE500500479 /* Debug */,
				7181B8F724B37DE500500479 /* Release */,
			);
			defaultConfigurationIsVisible = 0;
			defaultConfigurationName = Release;
		};
/* End XCConfigurationList section */
	};
	rootObject = 7181B8B824B37DE400500479 /* Project object */;
}
